// !$*UTF8*$!
{
	archiveVersion = 1;
	classes = {
	};
	objectVersion = 46;
	objects = {

/* Begin PBXBuildFile section */
		74C0437D1F20ACA100FDD411 /* main.m in Sources */ = {isa = PBXBuildFile; fileRef = 74C0437C1F20ACA100FDD411 /* main.m */; };
		74C043801F20ACA100FDD411 /* AppDelegate.m in Sources */ = {isa = PBXBuildFile; fileRef = 74C0437F1F20ACA100FDD411 /* AppDelegate.m */; };
		74C043831F20ACA100FDD411 /* ViewController.m in Sources */ = {isa = PBXBuildFile; fileRef = 74C043821F20ACA100FDD411 /* ViewController.m */; };
		74C043861F20ACA100FDD411 /* Main.storyboard in Resources */ = {isa = PBXBuildFile; fileRef = 74C043841F20ACA100FDD411 /* Main.storyboard */; };
		74C043881F20ACA100FDD411 /* Assets.xcassets in Resources */ = {isa = PBXBuildFile; fileRef = 74C043871F20ACA100FDD411 /* Assets.xcassets */; };
		74C0438B1F20ACA100FDD411 /* LaunchScreen.storyboard in Resources */ = {isa = PBXBuildFile; fileRef = 74C043891F20ACA100FDD411 /* LaunchScreen.storyboard */; };
/* End PBXBuildFile section */

/* Begin PBXFileReference section */
		74C043781F20ACA100FDD411 /* Project.app */ = {isa = PBXFileReference; explicitFileType = wrapper.application; includeInIndex = 0; path = Project.app; sourceTree = BUILT_PRODUCTS_DIR; };
		74C0437C1F20ACA100FDD411 /* main.m */ = {isa = PBXFileReference; lastKnownFileType = sourcecode.c.objc; path = main.m; sourceTree = "<group>"; };
		74C0437E1F20ACA100FDD411 /* AppDelegate.h */ = {isa = PBXFileReference; lastKnownFileType = sourcecode.c.h; path = AppDelegate.h; sourceTree = "<group>"; };
		74C0437F1F20ACA100FDD411 /* AppDelegate.m */ = {isa = PBXFileReference; lastKnownFileType = sourcecode.c.objc; path = AppDelegate.m; sourceTree = "<group>"; };
		74C043811F20ACA100FDD411 /* ViewController.h */ = {isa = PBXFileReference; lastKnownFileType = sourcecode.c.h; path = ViewController.h; sourceTree = "<group>"; };
		74C043821F20ACA100FDD411 /* ViewController.m */ = {isa = PBXFileReference; lastKnownFileType = sourcecode.c.objc; path = ViewController.m; sourceTree = "<group>"; };
		74C043851F20ACA100FDD411 /* Base */ = {isa = PBXFileReference; lastKnownFileType = file.storyboard; name = Base; path = Base.lproj/Main.storyboard; sourceTree = "<group>"; };
		74C043871F20ACA100FDD411 /* Assets.xcassets */ = {isa = PBXFileReference; lastKnownFileType = folder.assetcatalog; path = Assets.xcassets; sourceTree = "<group>"; };
		74C0438A1F20ACA100FDD411 /* Base */ = {isa = PBXFileReference; lastKnownFileType = file.storyboard; name = Base; path = Base.lproj/LaunchScreen.storyboard; sourceTree = "<group>"; };
		74C0438C1F20ACA100FDD411 /* Info.plist */ = {isa = PBXFileReference; lastKnownFileType = text.plist.xml; path = Info.plist; sourceTree = "<group>"; };
/* End PBXFileReference section */

/* Begin PBXFrameworksBuildPhase section */
		74C043751F20ACA100FDD411 /* Frameworks */ = {
			isa = PBXFrameworksBuildPhase;
			buildActionMask = 2147483647;
			files = (
			);
			runOnlyForDeploymentPostprocessing = 0;
		};
/* End PBXFrameworksBuildPhase section */

/* Begin PBXGroup section */
		74C0436F1F20ACA100FDD411 = {
			isa = PBXGroup;
			children = (
				74C0437A1F20ACA100FDD411 /* Project */,
				74C043791F20ACA100FDD411 /* Products */,
			);
			sourceTree = "<group>";
		};
		74C043791F20ACA100FDD411 /* Products */ = {
			isa = PBXGroup;
			children = (
				74C043781F20ACA100FDD411 /* Project.app */,
			);
			name = Products;
			sourceTree = "<group>";
		};
		74C0437A1F20ACA100FDD411 /* Project */ = {
			isa = PBXGroup;
			children = (
				74C0437E1F20ACA100FDD411 /* AppDelegate.h */,
				74C0437F1F20ACA100FDD411 /* AppDelegate.m */,
				74C043811F20ACA100FDD411 /* ViewController.h */,
				74C043821F20ACA100FDD411 /* ViewController.m */,
				74C043841F20ACA100FDD411 /* Main.storyboard */,
				74C043871F20ACA100FDD411 /* Assets.xcassets */,
				74C043891F20ACA100FDD411 /* LaunchScreen.storyboard */,
				74C0438C1F20ACA100FDD411 /* Info.plist */,
				74C0437B1F20ACA100FDD411 /* Supporting Files */,
			);
			path = Project;
			sourceTree = "<group>";
		};
		74C0437B1F20ACA100FDD411 /* Supporting Files */ = {
			isa = PBXGroup;
			children = (
				74C0437C1F20ACA100FDD411 /* main.m */,
			);
			name = "Supporting Files";
			sourceTree = "<group>";
		};
/* End PBXGroup section */

/* Begin PBXNativeTarget section */
		74C043771F20ACA100FDD411 /* Project */ = {
			isa = PBXNativeTarget;
			buildConfigurationList = 74C0438F1F20ACA100FDD411 /* Build configuration list for PBXNativeTarget "Project" */;
			buildPhases = (
				74C043741F20ACA100FDD411 /* Sources */,
				74C043751F20ACA100FDD411 /* Frameworks */,
				74C043761F20ACA100FDD411 /* Resources */,
			);
			buildRules = (
			);
			dependencies = (
			);
			name = Project;
			productName = Project;
			productReference = 74C043781F20ACA100FDD411 /* Project.app */;
			productType = "com.apple.product-type.application";
		};
/* End PBXNativeTarget section */

/* Begin PBXProject section */
		74C043701F20ACA100FDD411 /* Project object */ = {
			isa = PBXProject;
			attributes = {
				LastUpgradeCheck = 0830;
				ORGANIZATIONNAME = lzx;
				TargetAttributes = {
					74C043771F20ACA100FDD411 = {
						CreatedOnToolsVersion = 8.3.3;
						ProvisioningStyle = Automatic;
					};
				};
			};
			buildConfigurationList = 74C043731F20ACA100FDD411 /* Build configuration list for PBXProject "Project" */;
			compatibilityVersion = "Xcode 3.2";
			developmentRegion = English;
			hasScannedForEncodings = 0;
			knownRegions = (
				en,
				Base,
			);
			mainGroup = 74C0436F1F20ACA100FDD411;
			productRefGroup = 74C043791F20ACA100FDD411 /* Products */;
			projectDirPath = "";
			projectRoot = "";
			targets = (
				74C043771F20ACA100FDD411 /* Project */,
			);
		};
/* End PBXProject section */

/* Begin PBXResourcesBuildPhase section */
		74C043761F20ACA100FDD411 /* Resources */ = {
			isa = PBXResourcesBuildPhase;
			buildActionMask = 2147483647;
			files = (
				74C0438B1F20ACA100FDD411 /* LaunchScreen.storyboard in Resources */,
				74C043881F20ACA100FDD411 /* Assets.xcassets in Resources */,
				74C043861F20ACA100FDD411 /* Main.storyboard in Resources */,
			);
			runOnlyForDeploymentPostprocessing = 0;
		};
/* End PBXResourcesBuildPhase section */

/* Begin PBXSourcesBuildPhase section */
		74C043741F20ACA100FDD411 /* Sources */ = {
			isa = PBXSourcesBuildPhase;
			buildActionMask = 2147483647;
			files = (
				74C043831F20ACA100FDD411 /* ViewController.m in Sources */,
				74C043801F20ACA100FDD411 /* AppDelegate.m in Sources */,
				74C0437D1F20ACA100FDD411 /* main.m in Sources */,
			);
			runOnlyForDeploymentPostprocessing = 0;
		};
/* End PBXSourcesBuildPhase section */

/* Begin PBXVariantGroup section */
		74C043841F20ACA100FDD411 /* Main.storyboard */ = {
			isa = PBXVariantGroup;
			children = (
				74C043851F20ACA100FDD411 /* Base */,
			);
			name = Main.storyboard;
			sourceTree = "<group>";
		};
		74C043891F20ACA100FDD411 /* LaunchScreen.storyboard */ = {
			isa = PBXVariantGroup;
			children = (
				74C0438A1F20ACA100FDD411 /* Base */,
			);
			name = LaunchScreen.storyboard;
			sourceTree = "<group>";
		};
/* End PBXVariantGroup section */

/* Begin XCBuildConfiguration section */
		74C0438D1F20ACA100FDD411 /* Debug */ = {
			isa = XCBuildConfiguration;
			buildSettings = {
				ALWAYS_SEARCH_USER_PATHS = NO;
				CLANG_ANALYZER_NONNULL = YES;
				CLANG_ANALYZER_NUMBER_OBJECT_CONVERSION = YES_AGGRESSIVE;
				CLANG_CXX_LANGUAGE_STANDARD = "gnu++0x";
				CLANG_CXX_LIBRARY = "libc++";
				CLANG_ENABLE_MODULES = YES;
				CLANG_ENABLE_OBJC_ARC = YES;
				CLANG_WARN_BOOL_CONVERSION = YES;
				CLANG_WARN_CONSTANT_CONVERSION = YES;
				CLANG_WARN_DIRECT_OBJC_ISA_USAGE = YES_ERROR;
				CLANG_WARN_DOCUMENTATION_COMMENTS = YES;
				CLANG_WARN_EMPTY_BODY = YES;
				CLANG_WARN_ENUM_CONVERSION = YES;
				CLANG_WARN_INFINITE_RECURSION = YES;
				CLANG_WARN_INT_CONVERSION = YES;
				CLANG_WARN_OBJC_ROOT_CLASS = YES_ERROR;
				CLANG_WARN_SUSPICIOUS_MOVE = YES;
				CLANG_WARN_UNREACHABLE_CODE = YES;
				CLANG_WARN__DUPLICATE_METHOD_MATCH = YES;
				"CODE_SIGN_IDENTITY[sdk=iphoneos*]" = "iPhone Developer";
				COPY_PHASE_STRIP = NO;
				DEBUG_INFORMATION_FORMAT = dwarf;
				ENABLE_STRICT_OBJC_MSGSEND = YES;
				ENABLE_TESTABILITY = YES;
				GCC_C_LANGUAGE_STANDARD = gnu99;
				GCC_DYNAMIC_NO_PIC = NO;
				GCC_NO_COMMON_BLOCKS = YES;
				GCC_OPTIMIZATION_LEVEL = 0;
				GCC_PREPROCESSOR_DEFINITIONS = (
					"DEBUG=1",
					"$(inherited)",
				);
				GCC_WARN_64_TO_32_BIT_CONVERSION = YES;
				GCC_WARN_ABOUT_RETURN_TYPE = YES_ERROR;
				GCC_WARN_UNDECLARED_SELECTOR = YES;
				GCC_WARN_UNINITIALIZED_AUTOS = YES_AGGRESSIVE;
				GCC_WARN_UNUSED_FUNCTION = YES;
				GCC_WARN_UNUSED_VARIABLE = YES;
				IPHONEOS_DEPLOYMENT_TARGET = 10.3;
				MTL_ENABLE_DEBUG_INFO = YES;
				ONLY_ACTIVE_ARCH = YES;
				SDKROOT = iphoneos;
				TARGETED_DEVICE_FAMILY = "1,2";
			};
			name = Debug;
		};
		74C0438E1F20ACA100FDD411 /* Release */ = {
			isa = XCBuildConfiguration;
			buildSettings = {
				ALWAYS_SEARCH_USER_PATHS = NO;
				CLANG_ANALYZER_NONNULL = YES;
				CLANG_ANALYZER_NUMBER_OBJECT_CONVERSION = YES_AGGRESSIVE;
				CLANG_CXX_LANGUAGE_STANDARD = "gnu++0x";
				CLANG_CXX_LIBRARY = "libc++";
				CLANG_ENABLE_MODULES = YES;
				CLANG_ENABLE_OBJC_ARC = YES;
				CLANG_WARN_BOOL_CONVERSION = YES;
				CLANG_WARN_CONSTANT_CONVERSION = YES;
				CLANG_WARN_DIRECT_OBJC_ISA_USAGE = YES_ERROR;
				CLANG_WARN_DOCUMENTATION_COMMENTS = YES;
				CLANG_WARN_EMPTY_BODY = YES;
				CLANG_WARN_ENUM_CONVERSION = YES;
				CLANG_WARN_INFINITE_RECURSION = YES;
				CLANG_WARN_INT_CONVERSION = YES;
				CLANG_WARN_OBJC_ROOT_CLASS = YES_ERROR;
				CLANG_WARN_SUSPICIOUS_MOVE = YES;
				CLANG_WARN_UNREACHABLE_CODE = YES;
				CLANG_WARN__DUPLICATE_METHOD_MATCH = YES;
				"CODE_SIGN_IDENTITY[sdk=iphoneos*]" = "iPhone Developer";
				COPY_PHASE_STRIP = NO;
				DEBUG_INFORMATION_FORMAT = "dwarf-with-dsym";
				ENABLE_NS_ASSERTIONS = NO;
				ENABLE_STRICT_OBJC_MSGSEND = YES;
				GCC_C_LANGUAGE_STANDARD = gnu99;
				GCC_NO_COMMON_BLOCKS = YES;
				GCC_WARN_64_TO_32_BIT_CONVERSION = YES;
				GCC_WARN_ABOUT_RETURN_TYPE = YES_ERROR;
				GCC_WARN_UNDECLARED_SELECTOR = YES;
				GCC_WARN_UNINITIALIZED_AUTOS = YES_AGGRESSIVE;
				GCC_WARN_UNUSED_FUNCTION = YES;
				GCC_WARN_UNUSED_VARIABLE = YES;
				IPHONEOS_DEPLOYMENT_TARGET = 10.3;
				MTL_ENABLE_DEBUG_INFO = NO;
				SDKROOT = iphoneos;
				TARGETED_DEVICE_FAMILY = "1,2";
				VALIDATE_PRODUCT = YES;
			};
			name = Release;
		};
		74C043901F20ACA100FDD411 /* Debug */ = {
			isa = XCBuildConfiguration;
			buildSettings = {
				ASSETCATALOG_COMPILER_APPICON_NAME = AppIcon;
				INFOPLIST_FILE = Project/Info.plist;
				LD_RUNPATH_SEARCH_PATHS = "$(inherited) @executable_path/Frameworks";
				PRODUCT_BUNDLE_IDENTIFIER = com.pingan.Project;
				PRODUCT_NAME = "$(TARGET_NAME)";
			};
			name = Debug;
		};
		74C043911F20ACA100FDD411 /* Release */ = {
			isa = XCBuildConfiguration;
			buildSettings = {
				ASSETCATALOG_COMPILER_APPICON_NAME = AppIcon;
				INFOPLIST_FILE = Project/Info.plist;
				LD_RUNPATH_SEARCH_PATHS = "$(inherited) @executable_path/Frameworks";
				PRODUCT_BUNDLE_IDENTIFIER = com.pingan.Project;
				PRODUCT_NAME = "$(TARGET_NAME)";
			};
			name = Release;
		};
/* End XCBuildConfiguration section */

/* Begin XCConfigurationList section */
		74C043731F20ACA100FDD411 /* Build configuration list for PBXProject "Project" */ = {
			isa = XCConfigurationList;
			buildConfigurations = (
				74C0438D1F20ACA100FDD411 /* Debug */,
				74C0438E1F20ACA100FDD411 /* Release */,
			);
			defaultConfigurationIsVisible = 0;
			defaultConfigurationName = Release;
		};
		74C0438F1F20ACA100FDD411 /* Build configuration list for PBXNativeTarget "Project" */ = {
			isa = XCConfigurationList;
			buildConfigurations = (
				74C043901F20ACA100FDD411 /* Debug */,
				74C043911F20ACA100FDD411 /* Release */,
			);
			defaultConfigurationIsVisible = 0;
		};
/* End XCConfigurationList section */
	};
	rootObject = 74C043701F20ACA100FDD411 /* Project object */;
}
